
Microsoft Visual Studio Solution File, Format Version 12.00
# Visual Studio Version 17
VisualStudioVersion = 17.6.33723.286
MinimumVisualStudioVersion = 10.0.40219.1
Project("{FAE04EC0-301F-11D3-BF4B-00C04F79EFBC}") = "Hasher", "Hasher\Hasher.csproj", "{004039B6-5870-4FB7-83FC-6F9977577EF9}"
EndProject
Global
	GlobalSection(SolutionConfigurationPlatforms) = preSolution
		Debug|Any CPU = Debug|Any CPU
		Release|Any CPU = Release|Any CPU
	EndGlobalSection
	GlobalSection(ProjectConfigurationPlatforms) = postSolution
		{004039B6-5870-4FB7-83FC-6F9977577EF9}.Debug|Any CPU.ActiveCfg = Debug|Any CPU
		{004039B6-5870-4FB7-83FC-6F9977577EF9}.Debug|Any CPU.Build.0 = Debug|Any CPU
		{004039B6-5870-4FB7-83FC-6F9977577EF9}.Release|Any CPU.ActiveCfg = Release|Any CPU
		{004039B6-5870-4FB7-83FC-6F9977577EF9}.Release|Any CPU.Build.0 = Release|Any CPU
	EndGlobalSection
	GlobalSection(SolutionProperties) = preSolution
		HideSolutionNode = FALSE
	EndGlobalSection
	GlobalSection(ExtensibilityGlobals) = postSolution
		SolutionGuid = {E0D9639C-8A98-452B-B500-9F41EE547191}
	EndGlobalSection
EndGlobal
